Microsoft Visual Studio Solution File, Format Version 12.00
# Visual Studio Version 17
VisualStudioVersion = 17.5.2.0
MinimumVisualStudioVersion = 10.0.40219.1
Project("{FAE04EC0-301F-11D3-BF4B-00C04F79EFBC}") = "learrn-asp-dotnet_1", "learrn-asp-dotnet_1.csproj", "{E0567684-DA5C-1C69-9B36-27FE66607BF4}"
EndProject
Global
	GlobalSection(SolutionConfigurationPlatforms) = preSolution
		Debug|Any CPU = Debug|Any CPU
		Release|Any CPU = Release|Any CPU
	EndGlobalSection
	GlobalSection(ProjectConfigurationPlatforms) = postSolution
		{E0567684-DA5C-1C69-9B36-27FE66607BF4}.Debug|Any CPU.ActiveCfg = Debug|Any CPU
		{E0567684-DA5C-1C69-9B36-27FE66607BF4}.Debug|Any CPU.Build.0 = Debug|Any CPU
		{E0567684-DA5C-1C69-9B36-27FE66607BF4}.Release|Any CPU.ActiveCfg = Release|Any CPU
		{E0567684-DA5C-1C69-9B36-27FE66607BF4}.Release|Any CPU.Build.0 = Release|Any CPU
	EndGlobalSection
	GlobalSection(SolutionProperties) = preSolution
		HideSolutionNode = FALSE
	EndGlobalSection
	GlobalSection(ExtensibilityGlobals) = postSolution
		SolutionGuid = {558A8B27-FC9C-4DE8-8335-611CC9AD2C88}
	EndGlobalSection
EndGlobal
